
Microsoft Visual Studio Solution File, Format Version 12.00
# Visual Studio Version 17
VisualStudioVersion = 17.4.33122.133
MinimumVisualStudioVersion = 10.0.40219.1
Project("{2150E333-8FDC-42A3-9474-1A3956D46DE8}") = "Services", "Services", "{ABAA89B3-5747-44BF-89A7-1DF3F72FB224}"
EndProject
Project("{2150E333-8FDC-42A3-9474-1A3956D46DE8}") = "Catalog", "Catalog", "{2EAC0EE5-140F-4FEB-BC75-463C957635C6}"
EndProject
Project("{FAE04EC0-301F-11D3-BF4B-00C04F79EFBC}") = "Catalog.API", "Catalog.API\Catalog.API.csproj", "{67C885D5-C113-474B-893B-F3EA129292C9}"
EndProject
Project("{E53339B2-1760-4266-BCC7-CA923CBCF16C}") = "docker-compose", "docker-compose.dcproj", "{3D702965-6141-4B68-A622-9E869C8E0F5D}"
EndProject
Global
	GlobalSection(SolutionConfigurationPlatforms) = preSolution
		Debug|Any CPU = Debug|Any CPU
		Release|Any CPU = Release|Any CPU
	EndGlobalSection
	GlobalSection(ProjectConfigurationPlatforms) = postSolution
		{67C885D5-C113-474B-893B-F3EA129292C9}.Debug|Any CPU.ActiveCfg = Debug|Any CPU
		{67C885D5-C113-474B-893B-F3EA129292C9}.Debug|Any CPU.Build.0 = Debug|Any CPU
		{67C885D5-C113-474B-893B-F3EA129292C9}.Release|Any CPU.ActiveCfg = Release|Any CPU
		{67C885D5-C113-474B-893B-F3EA129292C9}.Release|Any CPU.Build.0 = Release|Any CPU
		{3D702965-6141-4B68-A622-9E869C8E0F5D}.Debug|Any CPU.ActiveCfg = Debug|Any CPU
		{3D702965-6141-4B68-A622-9E869C8E0F5D}.Debug|Any CPU.Build.0 = Debug|Any CPU
		{3D702965-6141-4B68-A622-9E869C8E0F5D}.Release|Any CPU.ActiveCfg = Release|Any CPU
		{3D702965-6141-4B68-A622-9E869C8E0F5D}.Release|Any CPU.Build.0 = Release|Any CPU
	EndGlobalSection
	GlobalSection(SolutionProperties) = preSolution
		HideSolutionNode = FALSE
	EndGlobalSection
	GlobalSection(NestedProjects) = preSolution
		{2EAC0EE5-140F-4FEB-BC75-463C957635C6} = {ABAA89B3-5747-44BF-89A7-1DF3F72FB224}
		{67C885D5-C113-474B-893B-F3EA129292C9} = {2EAC0EE5-140F-4FEB-BC75-463C957635C6}
	EndGlobalSection
	GlobalSection(ExtensibilityGlobals) = postSolution
		SolutionGuid = {EE2481E3-F9DA-4C1A-BA8A-24CC62EA558F}
	EndGlobalSection
EndGlobal
